<?xml version="1.0" encoding="utf-8"?>
<Project ToolsVersion="4.0" xmlns="http://schemas.microsoft.com/developer/msbuild/2003">
  <ItemGroup>
    <Filter Include="util">
      <UniqueIdentifier>{6f26d21a-72b8-449a-b8dd-7ac1d7c4bfb2}</UniqueIdentifier>
    </Filter>
    <Filter Include="non-essentials">
      <UniqueIdentifier>{6a7a6321-df38-4bc0-946b-5ffa0c754713}</UniqueIdentifier>
    </Filter>
    <Filter Include="non-essentials\ext">
      <UniqueIdentifier>{e8ab81e0-a20c-43cc-b39f-e8410987f66d}</UniqueIdentifier>
    </Filter>
    <Filter Include="dmm_generator">
      <UniqueIdentifier>{09ab29e6-6b32-4678-bdd9-4cfe43672448}</UniqueIdentifier>
    </Filter>
  </ItemGroup>
  <ItemGroup>
    <ClCompile Include="..\..\cuda_util.cpp">
      <Filter>util</Filter>
    </ClCompile>
    <ClCompile Include="..\..\optix_util.cpp">
      <Filter>util</Filter>
    </ClCompile>
    <ClCompile Include="displacement_micro_map_main.cpp" />
    <ClCompile Include="..\common\common.cpp">
      <Filter>non-essentials</Filter>
    </ClCompile>
    <ClCompile Include="..\common\dds_loader.cpp">
      <Filter>non-essentials</Filter>
    </ClCompile>
    <ClCompile Include="..\common\obj_loader.cpp">
      <Filter>non-essentials</Filter>
    </ClCompile>
    <ClCompile Include="..\..\ext\tinyobjloader\tiny_obj_loader.cc">
      <Filter>non-essentials\ext</Filter>
    </ClCompile>
    <ClCompile Include="..\common\micro_map\dmm_generator.cpp">
      <Filter>dmm_generator</Filter>
    </ClCompile>
    <ClCompile Include="..\common\micro_map\micro_map_generator.cpp">
      <Filter>dmm_generator</Filter>
    </ClCompile>
  </ItemGroup>
  <ItemGroup>
    <ClInclude Include="..\..\cuda_util.h">
      <Filter>util</Filter>
    </ClInclude>
    <ClInclude Include="..\..\optix_util.h">
      <Filter>util</Filter>
    </ClInclude>
    <ClInclude Include="..\..\optix_util_private.h">
      <Filter>util</Filter>
    </ClInclude>
    <ClInclude Include="..\..\ext\stb_image_write.h">
      <Filter>non-essentials\ext</Filter>
    </ClInclude>
    <ClInclude Include="displacement_micro_map_shared.h" />
    <ClInclude Include="..\common\common.h">
      <Filter>non-essentials</Filter>
    </ClInclude>
    <ClInclude Include="..\common\dds_loader.h">
      <Filter>non-essentials</Filter>
    </ClInclude>
    <ClInclude Include="..\..\optixu_on_cudau.h">
      <Filter>util</Filter>
    </ClInclude>
    <ClInclude Include="..\common\obj_loader.h">
      <Filter>non-essentials</Filter>
    </ClInclude>
    <ClInclude Include="..\..\ext\tinyobjloader\tiny_obj_loader.h">
      <Filter>non-essentials\ext</Filter>
    </ClInclude>
    <ClInclude Include="..\common\micro_map\dmm_generator.h">
      <Filter>dmm_generator</Filter>
    </ClInclude>
    <ClInclude Include="..\common\micro_map\dmm_generator_private.h">
      <Filter>dmm_generator</Filter>
    </ClInclude>
    <ClInclude Include="..\common\micro_map\micro_map_generator_private.h">
      <Filter>dmm_generator</Filter>
    </ClInclude>
  </ItemGroup>
  <ItemGroup>
    <CudaCompile Include="optix_kernels.cu" />
    <CudaCompile Include="..\common\micro_map\dmm_kernels.cu">
      <Filter>dmm_generator</Filter>
    </CudaCompile>
    <CudaCompile Include="..\common\micro_map\micro_map_generator_misc.cu">
      <Filter>dmm_generator</Filter>
    </CudaCompile>
    <CudaCompile Include="..\common\micro_map\micro_map_kernels.cu">
      <Filter>dmm_generator</Filter>
    </CudaCompile>
  </ItemGroup>
</Project>