
Microsoft Visual Studio Solution File, Format Version 12.00
# Visual Studio Version 16
VisualStudioVersion = 16.0.29123.88
MinimumVisualStudioVersion = 10.0.40219.1
Project("{8BC9CEB8-8B4A-11D0-8D11-00A0C91BC942}") = "10.uber", "uber\uber.vcxproj", "{38359F87-43FE-4312-AD65-AF8A77FA75CC}"
EndProject
Project("{8BC9CEB8-8B4A-11D0-8D11-00A0C91BC942}") = "00.single_gas", "single_gas\single_gas.vcxproj", "{4AD032A8-49B1-44A3-AB0B-D679E1CA11C1}"
EndProject
Project("{8BC9CEB8-8B4A-11D0-8D11-00A0C91BC942}") = "01.single_level_instancing", "single_level_instancing\single_level_instancing.vcxproj", "{B322E6D0-51AF-4484-9AFB-407651A9FCB2}"
EndProject
Project("{8BC9CEB8-8B4A-11D0-8D11-00A0C91BC942}") = "07.scene_edit", "scene_edit\scene_edit.vcxproj", "{95A8399F-C511-427E-B39E-34E4F6692064}"
EndProject
Project("{8BC9CEB8-8B4A-11D0-8D11-00A0C91BC942}") = "05.multi_level_instancing", "multi_level_instancing\multi_level_instancing.vcxproj", "{992A1709-4E4E-4CD0-A1B3-E5549BD94A48}"
EndProject
Project("{8BC9CEB8-8B4A-11D0-8D11-00A0C91BC942}") = "03.custom_primitive", "custom_primitive\custom_primitive.vcxproj", "{69A22E89-BFE0-40C4-A225-02D33982BEAD}"
EndProject
Project("{8BC9CEB8-8B4A-11D0-8D11-00A0C91BC942}") = "06.denoiser", "denoiser\denoiser.vcxproj", "{2D96E67E-8C6A-4B87-8B88-93E3921D874A}"
EndProject
Project("{8BC9CEB8-8B4A-11D0-8D11-00A0C91BC942}") = "02.material_sets", "material_sets\material_sets.vcxproj", "{147ED7B4-6B60-4AED-87D9-5FB62C14AAEF}"
EndProject
Project("{8BC9CEB8-8B4A-11D0-8D11-00A0C91BC942}") = "04.as_update", "as_update\as_update.vcxproj", "{B51DBDB9-482C-406E-A2BC-5AADE82C6AF7}"
EndProject
Global
	GlobalSection(SolutionConfigurationPlatforms) = preSolution
		Debug|x64 = Debug|x64
		Release|x64 = Release|x64
	EndGlobalSection
	GlobalSection(ProjectConfigurationPlatforms) = postSolution
		{38359F87-43FE-4312-AD65-AF8A77FA75CC}.Debug|x64.ActiveCfg = Debug|x64
		{38359F87-43FE-4312-AD65-AF8A77FA75CC}.Debug|x64.Build.0 = Debug|x64
		{38359F87-43FE-4312-AD65-AF8A77FA75CC}.Release|x64.ActiveCfg = Release|x64
		{38359F87-43FE-4312-AD65-AF8A77FA75CC}.Release|x64.Build.0 = Release|x64
		{4AD032A8-49B1-44A3-AB0B-D679E1CA11C1}.Debug|x64.ActiveCfg = Debug|x64
		{4AD032A8-49B1-44A3-AB0B-D679E1CA11C1}.Debug|x64.Build.0 = Debug|x64
		{4AD032A8-49B1-44A3-AB0B-D679E1CA11C1}.Release|x64.ActiveCfg = Release|x64
		{4AD032A8-49B1-44A3-AB0B-D679E1CA11C1}.Release|x64.Build.0 = Release|x64
		{B322E6D0-51AF-4484-9AFB-407651A9FCB2}.Debug|x64.ActiveCfg = Debug|x64
		{B322E6D0-51AF-4484-9AFB-407651A9FCB2}.Debug|x64.Build.0 = Debug|x64
		{B322E6D0-51AF-4484-9AFB-407651A9FCB2}.Release|x64.ActiveCfg = Release|x64
		{B322E6D0-51AF-4484-9AFB-407651A9FCB2}.Release|x64.Build.0 = Release|x64
		{95A8399F-C511-427E-B39E-34E4F6692064}.Debug|x64.ActiveCfg = Debug|x64
		{95A8399F-C511-427E-B39E-34E4F6692064}.Debug|x64.Build.0 = Debug|x64
		{95A8399F-C511-427E-B39E-34E4F6692064}.Release|x64.ActiveCfg = Release|x64
		{95A8399F-C511-427E-B39E-34E4F6692064}.Release|x64.Build.0 = Release|x64
		{992A1709-4E4E-4CD0-A1B3-E5549BD94A48}.Debug|x64.ActiveCfg = Debug|x64
		{992A1709-4E4E-4CD0-A1B3-E5549BD94A48}.Debug|x64.Build.0 = Debug|x64
		{992A1709-4E4E-4CD0-A1B3-E5549BD94A48}.Release|x64.ActiveCfg = Release|x64
		{992A1709-4E4E-4CD0-A1B3-E5549BD94A48}.Release|x64.Build.0 = Release|x64
		{69A22E89-BFE0-40C4-A225-02D33982BEAD}.Debug|x64.ActiveCfg = Debug|x64
		{69A22E89-BFE0-40C4-A225-02D33982BEAD}.Debug|x64.Build.0 = Debug|x64
		{69A22E89-BFE0-40C4-A225-02D33982BEAD}.Release|x64.ActiveCfg = Release|x64
		{69A22E89-BFE0-40C4-A225-02D33982BEAD}.Release|x64.Build.0 = Release|x64
		{2D96E67E-8C6A-4B87-8B88-93E3921D874A}.Debug|x64.ActiveCfg = Debug|x64
		{2D96E67E-8C6A-4B87-8B88-93E3921D874A}.Debug|x64.Build.0 = Debug|x64
		{2D96E67E-8C6A-4B87-8B88-93E3921D874A}.Release|x64.ActiveCfg = Release|x64
		{2D96E67E-8C6A-4B87-8B88-93E3921D874A}.Release|x64.Build.0 = Release|x64
		{147ED7B4-6B60-4AED-87D9-5FB62C14AAEF}.Debug|x64.ActiveCfg = Debug|x64
		{147ED7B4-6B60-4AED-87D9-5FB62C14AAEF}.Debug|x64.Build.0 = Debug|x64
		{147ED7B4-6B60-4AED-87D9-5FB62C14AAEF}.Release|x64.ActiveCfg = Release|x64
		{147ED7B4-6B60-4AED-87D9-5FB62C14AAEF}.Release|x64.Build.0 = Release|x64
		{B51DBDB9-482C-406E-A2BC-5AADE82C6AF7}.Debug|x64.ActiveCfg = Debug|x64
		{B51DBDB9-482C-406E-A2BC-5AADE82C6AF7}.Debug|x64.Build.0 = Debug|x64
		{B51DBDB9-482C-406E-A2BC-5AADE82C6AF7}.Release|x64.ActiveCfg = Release|x64
		{B51DBDB9-482C-406E-A2BC-5AADE82C6AF7}.Release|x64.Build.0 = Release|x64
	EndGlobalSection
	GlobalSection(SolutionProperties) = preSolution
		HideSolutionNode = FALSE
	EndGlobalSection
	GlobalSection(ExtensibilityGlobals) = postSolution
		SolutionGuid = {A089BF53-6CD1-4F82-BFB8-00CE152F27F8}
	EndGlobalSection
EndGlobal
