<Solution>
  <Configurations>
    <Platform Name="x64" />
  </Configurations>
  <Folder Name="/application/">
    <Project Path="uber/uber.vcxproj" Id="38359f87-43fe-4312-ad65-af8a77fa75cc" />
    <Project Path="scene_edit/scene_edit.vcxproj" Id="95a8399f-c511-427e-b39e-34e4f6692064" />
    <Project Path="pick/pick.vcxproj" Id="8846edef-3916-4976-a62b-cb0070b5bba1" />
  </Folder>
  <Folder Name="/basic/">
    <Project Path="single_gas/single_gas.vcxproj" Id="4ad032a8-49b1-44a3-ab0b-d679e1ca11c1" />
    <Project Path="single_level_instancing/single_level_instancing.vcxproj" Id="b322e6d0-51af-4484-9afb-407651a9fcb2" />
    <Project Path="material_sets/material_sets.vcxproj" Id="147ed7b4-6b60-4aed-87d9-5fb62c14aaef" />
    <Project Path="as_update/as_update.vcxproj" Id="b51dbdb9-482c-406e-a2bc-5aade82c6af7" />
    <Project Path="texture/texture.vcxproj" Id="5b1fc17f-05c0-44c4-bc08-5d012c0d7241" />
    <Project Path="custom_primitive/custom_primitive.vcxproj" Id="69a22e89-bfe0-40c4-a225-02d33982bead" />
    <Project Path="curve_primitive/curve_primitive.vcxproj" Id="efadee83-b8bd-4b30-9869-5117f623d6f6" />
    <Project Path="sphere_primitive/sphere_primitive.vcxproj" Id="92cd031a-e0e6-4364-b0ce-f22cc05b6e60" />
    <Project Path="multi_level_instancing/multi_level_instancing.vcxproj" Id="992a1709-4e4e-4cd0-a1b3-e5549bd94a48" />
    <Project Path="deformation_blur/deformation_blur.vcxproj" Id="5c54c98d-919c-45a0-8bf1-b5d8349b15b2" />
    <Project Path="callable_program/callable_program.vcxproj" Id="457b5783-f24a-4b0e-b07f-b4b03b89781b" />
    <Project Path="denoiser/denoiser.vcxproj" Id="2d96e67e-8c6a-4b87-8b88-93e3921d874a" />
    <Project Path="temporal_denoiser/temporal_denoiser.vcxproj" Id="461a4ac3-0084-4a9b-8a92-bf421c0efa29" />
    <Project Path="payload_annotation/payload_annotation.vcxproj" Id="1f481df3-ca02-431e-8c86-2785366f3487" />
    <Project Path="opacity_micro_map/opacity_micro_map.vcxproj" Id="a6882c6f-6687-4a3a-9703-6832c32d7c3b" />
    <Project Path="clusters/clusters.vcxproj" Id="3a69f7c7-4c3e-4960-8675-4b4bf0853a17" />
  </Folder>
  <Project Path="__support_files/__support_files.vcxitems" Id="4a3822ae-01fd-4d44-a987-1c3632f50d7b" />
</Solution>